
Microsoft Visual Studio Solution File, Format Version 12.00
# Visual Studio 2012
Project("{FAE04EC0-301F-11D3-BF4B-00C04F79EFBC}") = "LayoutedWindow", "LayoutedWindow\LayoutedWindow.csproj", "{66C70F8C-9AC0-40E3-9AA9-89F9CFB34C8D}"
EndProject
Project("{FAE04EC0-301F-11D3-BF4B-00C04F79EFBC}") = "YYLayouted", "YYLayouted\YYLayouted.csproj", "{82105F4D-9B48-4EAA-BA3A-7184D92EDF7D}"
EndProject
Global
	GlobalSection(SolutionConfigurationPlatforms) = preSolution
		Debug|Any CPU = Debug|Any CPU
		Release|Any CPU = Release|Any CPU
	EndGlobalSection
	GlobalSection(ProjectConfigurationPlatforms) = postSolution
		{66C70F8C-9AC0-40E3-9AA9-89F9CFB34C8D}.Debug|Any CPU.ActiveCfg = Debug|Any CPU
		{66C70F8C-9AC0-40E3-9AA9-89F9CFB34C8D}.Debug|Any CPU.Build.0 = Debug|Any CPU
		{66C70F8C-9AC0-40E3-9AA9-89F9CFB34C8D}.Release|Any CPU.ActiveCfg = Release|Any CPU
		{66C70F8C-9AC0-40E3-9AA9-89F9CFB34C8D}.Release|Any CPU.Build.0 = Release|Any CPU
		{82105F4D-9B48-4EAA-BA3A-7184D92EDF7D}.Debug|Any CPU.ActiveCfg = Debug|Any CPU
		{82105F4D-9B48-4EAA-BA3A-7184D92EDF7D}.Debug|Any CPU.Build.0 = Debug|Any CPU
		{82105F4D-9B48-4EAA-BA3A-7184D92EDF7D}.Release|Any CPU.ActiveCfg = Release|Any CPU
		{82105F4D-9B48-4EAA-BA3A-7184D92EDF7D}.Release|Any CPU.Build.0 = Release|Any CPU
	EndGlobalSection
	GlobalSection(SolutionProperties) = preSolution
		HideSolutionNode = FALSE
	EndGlobalSection
EndGlobal
